// !$*UTF8*$!
{
	archiveVersion = 1;
	classes = {
	};
	objectVersion = 50;
	objects = {

/* Begin PBXBuildFile section */
		AB29909723E3151E00F960F1 /* AppDelegate.swift in Sources */ = {isa = PBXBuildFile; fileRef = AB29909623E3151E00F960F1 /* AppDelegate.swift */; };
		AB29909923E3151E00F960F1 /* SceneDelegate.swift in Sources */ = {isa = PBXBuildFile; fileRef = AB29909823E3151E00F960F1 /* SceneDelegate.swift */; };
		AB29909C23E3151E00F960F1 /* SwiftUIImagePicker.xcdatamodeld in Sources */ = {isa = PBXBuildFile; fileRef = AB29909A23E3151E00F960F1 /* SwiftUIImagePicker.xcdatamodeld */; };
		AB29909E23E3151E00F960F1 /* ContentView.swift in Sources */ = {isa = PBXBuildFile; fileRef = AB29909D23E3151E00F960F1 /* ContentView.swift */; };
		AB2990A023E3152000F960F1 /* Assets.xcassets in Resources */ = {isa = PBXBuildFile; fileRef = AB29909F23E3152000F960F1 /* Assets.xcassets */; };
		AB2990A323E3152000F960F1 /* Preview Assets.xcassets in Resources */ = {isa = PBXBuildFile; fileRef = AB2990A223E3152000F960F1 /* Preview Assets.xcassets */; };
		AB2990A623E3152000F960F1 /* LaunchScreen.storyboard in Resources */ = {isa = PBXBuildFile; fileRef = AB2990A423E3152000F960F1 /* LaunchScreen.storyboard */; };
/* End PBXBuildFile section */

/* Begin PBXFileReference section */
		AB29909323E3151E00F960F1 /* SwiftUIImagePicker.app */ = {isa = PBXFileReference; explicitFileType = wrapper.application; includeInIndex = 0; path = SwiftUIImagePicker.app; sourceTree = BUILT_PRODUCTS_DIR; };
		AB29909623E3151E00F960F1 /* AppDelegate.swift */ = {isa = PBXFileReference; lastKnownFileType = sourcecode.swift; path = AppDelegate.swift; sourceTree = "<group>"; };
		AB29909823E3151E00F960F1 /* SceneDelegate.swift */ = {isa = PBXFileReference; lastKnownFileType = sourcecode.swift; path = SceneDelegate.swift; sourceTree = "<group>"; };
		AB29909B23E3151E00F960F1 /* SwiftUIImagePicker.xcdatamodel */ = {isa = PBXFileReference; lastKnownFileType = wrapper.xcdatamodel; path = SwiftUIImagePicker.xcdatamodel; sourceTree = "<group>"; };
		AB29909D23E3151E00F960F1 /* ContentView.swift */ = {isa = PBXFileReference; lastKnownFileType = sourcecode.swift; path = ContentView.swift; sourceTree = "<group>"; };
		AB29909F23E3152000F960F1 /* Assets.xcassets */ = {isa = PBXFileReference; lastKnownFileType = folder.assetcatalog; path = Assets.xcassets; sourceTree = "<group>"; };
		AB2990A223E3152000F960F1 /* Preview Assets.xcassets */ = {isa = PBXFileReference; lastKnownFileType = folder.assetcatalog; path = "Preview Assets.xcassets"; sourceTree = "<group>"; };
		AB2990A523E3152000F960F1 /* Base */ = {isa = PBXFileReference; lastKnownFileType = file.storyboard; name = Base; path = Base.lproj/LaunchScreen.storyboard; sourceTree = "<group>"; };
		AB2990A723E3152000F960F1 /* Info.plist */ = {isa = PBXFileReference; lastKnownFileType = text.plist.xml; path = Info.plist; sourceTree = "<group>"; };
/* End PBXFileReference section */

/* Begin PBXFrameworksBuildPhase section */
		AB29909023E3151E00F960F1 /* Frameworks */ = {
			isa = PBXFrameworksBuildPhase;
			buildActionMask = 2147483647;
			files = (
			);
			runOnlyForDeploymentPostprocessing = 0;
		};
/* End PBXFrameworksBuildPhase section */

/* Begin PBXGroup section */
		AB29908A23E3151E00F960F1 = {
			isa = PBXGroup;
			children = (
				AB29909523E3151E00F960F1 /* SwiftUIImagePicker */,
				AB29909423E3151E00F960F1 /* Products */,
			);
			sourceTree = "<group>";
		};
		AB29909423E3151E00F960F1 /* Products */ = {
			isa = PBXGroup;
			children = (
				AB29909323E3151E00F960F1 /* SwiftUIImagePicker.app */,
			);
			name = Products;
			sourceTree = "<group>";
		};
		AB29909523E3151E00F960F1 /* SwiftUIImagePicker */ = {
			isa = PBXGroup;
			children = (
				AB29909623E3151E00F960F1 /* AppDelegate.swift */,
				AB29909823E3151E00F960F1 /* SceneDelegate.swift */,
				AB29909D23E3151E00F960F1 /* ContentView.swift */,
				AB29909F23E3152000F960F1 /* Assets.xcassets */,
				AB2990A423E3152000F960F1 /* LaunchScreen.storyboard */,
				AB2990A723E3152000F960F1 /* Info.plist */,
				AB29909A23E3151E00F960F1 /* SwiftUIImagePicker.xcdatamodeld */,
				AB2990A123E3152000F960F1 /* Preview Content */,
			);
			path = SwiftUIImagePicker;
			sourceTree = "<group>";
		};
		AB2990A123E3152000F960F1 /* Preview Content */ = {
			isa = PBXGroup;
			children = (
				AB2990A223E3152000F960F1 /* Preview Assets.xcassets */,
			);
			path = "Preview Content";
			sourceTree = "<group>";
		};
/* End PBXGroup section */

/* Begin PBXNativeTarget section */
		AB29909223E3151E00F960F1 /* SwiftUIImagePicker */ = {
			isa = PBXNativeTarget;
			buildConfigurationList = AB2990AA23E3152000F960F1 /* Build configuration list for PBXNativeTarget "SwiftUIImagePicker" */;
			buildPhases = (
				AB29908F23E3151E00F960F1 /* Sources */,
				AB29909023E3151E00F960F1 /* Frameworks */,
				AB29909123E3151E00F960F1 /* Resources */,
			);
			buildRules = (
			);
			dependencies = (
			);
			name = SwiftUIImagePicker;
			productName = SwiftUIImagePicker;
			productReference = AB29909323E3151E00F960F1 /* SwiftUIImagePicker.app */;
			productType = "com.apple.product-type.application";
		};
/* End PBXNativeTarget section */

/* Begin PBXProject section */
		AB29908B23E3151E00F960F1 /* Project object */ = {
			isa = PBXProject;
			attributes = {
				LastSwiftUpdateCheck = 1130;
				LastUpgradeCheck = 1130;
				ORGANIZATIONNAME = "Talha Ayar";
				TargetAttributes = {
					AB29909223E3151E00F960F1 = {
						CreatedOnToolsVersion = 11.3.1;
					};
				};
			};
			buildConfigurationList = AB29908E23E3151E00F960F1 /* Build configuration list for PBXProject "SwiftUIImagePicker" */;
			compatibilityVersion = "Xcode 9.3";
			developmentRegion = en;
			hasScannedForEncodings = 0;
			knownRegions = (
				en,
				Base,
			);
			mainGroup = AB29908A23E3151E00F960F1;
			productRefGroup = AB29909423E3151E00F960F1 /* Products */;
			projectDirPath = "";
			projectRoot = "";
			targets = (
				AB29909223E3151E00F960F1 /* SwiftUIImagePicker */,
			);
		};
/* End PBXProject section */

/* Begin PBXResourcesBuildPhase section */
		AB29909123E3151E00F960F1 /* Resources */ = {
			isa = PBXResourcesBuildPhase;
			buildActionMask = 2147483647;
			files = (
				AB2990A623E3152000F960F1 /* LaunchScreen.storyboard in Resources */,
				AB2990A323E3152000F960F1 /* Preview Assets.xcassets in Resources */,
				AB2990A023E3152000F960F1 /* Assets.xcassets in Resources */,
			);
			runOnlyForDeploymentPostprocessing = 0;
		};
/* End PBXResourcesBuildPhase section */

/* Begin PBXSourcesBuildPhase section */
		AB29908F23E3151E00F960F1 /* Sources */ = {
			isa = PBXSourcesBuildPhase;
			buildActionMask = 2147483647;
			files = (
				AB29909723E3151E00F960F1 /* AppDelegate.swift in Sources */,
				AB29909C23E3151E00F960F1 /* SwiftUIImagePicker.xcdatamodeld in Sources */,
				AB29909E23E3151E00F960F1 /* ContentView.swift in Sources */,
				AB29909923E3151E00F960F1 /* SceneDelegate.swift in Sources */,
			);
			runOnlyForDeploymentPostprocessing = 0;
		};
/* End PBXSourcesBuildPhase section */

/* Begin PBXVariantGroup section */
		AB2990A423E3152000F960F1 /* LaunchScreen.storyboard */ = {
			isa = PBXVariantGroup;
			children = (
				AB2990A523E3152000F960F1 /* Base */,
			);
			name = LaunchScreen.storyboard;
			sourceTree = "<group>";
		};
/* End PBXVariantGroup section */

/* Begin XCBuildConfiguration section */
		AB2990A823E3152000F960F1 /* Debug */ = {
			isa = XCBuildConfiguration;
			buildSettings = {
				ALWAYS_SEARCH_USER_PATHS = NO;
				CLANG_ANALYZER_NONNULL = YES;
				CLANG_ANALYZER_NUMBER_OBJECT_CONVERSION = YES_AGGRESSIVE;
				CLANG_CXX_LANGUAGE_STANDARD = "gnu++14";
				CLANG_CXX_LIBRARY = "libc++";
				CLANG_ENABLE_MODULES = YES;
				CLANG_ENABLE_OBJC_ARC = YES;
				CLANG_ENABLE_OBJC_WEAK = YES;
				CLANG_WARN_BLOCK_CAPTURE_AUTORELEASING = YES;
				CLANG_WARN_BOOL_CONVERSION = YES;
				CLANG_WARN_COMMA = YES;
				CLANG_WARN_CONSTANT_CONVERSION = YES;
				CLANG_WARN_DEPRECATED_OBJC_IMPLEMENTATIONS = YES;
				CLANG_WARN_DIRECT_OBJC_ISA_USAGE = YES_ERROR;
				CLANG_WARN_DOCUMENTATION_COMMENTS = YES;
				CLANG_WARN_EMPTY_BODY = YES;
				CLANG_WARN_ENUM_CONVERSION = YES;
				CLANG_WARN_INFINITE_RECURSION = YES;
				CLANG_WARN_INT_CONVERSION = YES;
				CLANG_WARN_NON_LITERAL_NULL_CONVERSION = YES;
				CLANG_WARN_OBJC_IMPLICIT_RETAIN_SELF = YES;
				CLANG_WARN_OBJC_LITERAL_CONVERSION = YES;
				CLANG_WARN_OBJC_ROOT_CLASS = YES_ERROR;
				CLANG_WARN_RANGE_LOOP_ANALYSIS = YES;
				CLANG_WARN_STRICT_PROTOTYPES = YES;
				CLANG_WARN_SUSPICIOUS_MOVE = YES;
				CLANG_WARN_UNGUARDED_AVAILABILITY = YES_AGGRESSIVE;
				CLANG_WARN_UNREACHABLE_CODE = YES;
				CLANG_WARN__DUPLICATE_METHOD_MATCH = YES;
				COPY_PHASE_STRIP = NO;
				DEBUG_INFORMATION_FORMAT = dwarf;
				ENABLE_STRICT_OBJC_MSGSEND = YES;
				ENABLE_TESTABILITY = YES;
				GCC_C_LANGUAGE_STANDARD = gnu11;
				GCC_DYNAMIC_NO_PIC = NO;
				GCC_NO_COMMON_BLOCKS = YES;
				GCC_OPTIMIZATION_LEVEL = 0;
				GCC_PREPROCESSOR_DEFINITIONS = (
					"DEBUG=1",
					"$(inherited)",
				);
				GCC_WARN_64_TO_32_BIT_CONVERSION = YES;
				GCC_WARN_ABOUT_RETURN_TYPE = YES_ERROR;
				GCC_WARN_UNDECLARED_SELECTOR = YES;
				GCC_WARN_UNINITIALIZED_AUTOS = YES_AGGRESSIVE;
				GCC_WARN_UNUSED_FUNCTION = YES;
				GCC_WARN_UNUSED_VARIABLE = YES;
				IPHONEOS_DEPLOYMENT_TARGET = 13.2;
				MTL_ENABLE_DEBUG_INFO = INCLUDE_SOURCE;
				MTL_FAST_MATH = YES;
				ONLY_ACTIVE_ARCH = YES;
				SDKROOT = iphoneos;
				SWIFT_ACTIVE_COMPILATION_CONDITIONS = DEBUG;
				SWIFT_OPTIMIZATION_LEVEL = "-Onone";
			};
			name = Debug;
		};
		AB2990A923E3152000F960F1 /* Release */ = {
			isa = XCBuildConfiguration;
			buildSettings = {
				ALWAYS_SEARCH_USER_PATHS = NO;
				CLANG_ANALYZER_NONNULL = YES;
				CLANG_ANALYZER_NUMBER_OBJECT_CONVERSION = YES_AGGRESSIVE;
				CLANG_CXX_LANGUAGE_STANDARD = "gnu++14";
				CLANG_CXX_LIBRARY = "libc++";
				CLANG_ENABLE_MODULES = YES;
				CLANG_ENABLE_OBJC_ARC = YES;
				CLANG_ENABLE_OBJC_WEAK = YES;
				CLANG_WARN_BLOCK_CAPTURE_AUTORELEASING = YES;
				CLANG_WARN_BOOL_CONVERSION = YES;
				CLANG_WARN_COMMA = YES;
				CLANG_WARN_CONSTANT_CONVERSION = YES;
				CLANG_WARN_DEPRECATED_OBJC_IMPLEMENTATIONS = YES;
				CLANG_WARN_DIRECT_OBJC_ISA_USAGE = YES_ERROR;
				CLANG_WARN_DOCUMENTATION_COMMENTS = YES;
				CLANG_WARN_EMPTY_BODY = YES;
				CLANG_WARN_ENUM_CONVERSION = YES;
				CLANG_WARN_INFINITE_RECURSION = YES;
				CLANG_WARN_INT_CONVERSION = YES;
				CLANG_WARN_NON_LITERAL_NULL_CONVERSION = YES;
				CLANG_WARN_OBJC_IMPLICIT_RETAIN_SELF = YES;
				CLANG_WARN_OBJC_LITERAL_CONVERSION = YES;
				CLANG_WARN_OBJC_ROOT_CLASS = YES_ERROR;
				CLANG_WARN_RANGE_LOOP_ANALYSIS = YES;
				CLANG_WARN_STRICT_PROTOTYPES = YES;
				CLANG_WARN_SUSPICIOUS_MOVE = YES;
				CLANG_WARN_UNGUARDED_AVAILABILITY = YES_AGGRESSIVE;
				CLANG_WARN_UNREACHABLE_CODE = YES;
				CLANG_WARN__DUPLICATE_METHOD_MATCH = YES;
				COPY_PHASE_STRIP = NO;
				DEBUG_INFORMATION_FORMAT = "dwarf-with-dsym";
				ENABLE_NS_ASSERTIONS = NO;
				ENABLE_STRICT_OBJC_MSGSEND = YES;
				GCC_C_LANGUAGE_STANDARD = gnu11;
				GCC_NO_COMMON_BLOCKS = YES;
				GCC_WARN_64_TO_32_BIT_CONVERSION = YES;
				GCC_WARN_ABOUT_RETURN_TYPE = YES_ERROR;
				GCC_WARN_UNDECLARED_SELECTOR = YES;
				GCC_WARN_UNINITIALIZED_AUTOS = YES_AGGRESSIVE;
				GCC_WARN_UNUSED_FUNCTION = YES;
				GCC_WARN_UNUSED_VARIABLE = YES;
				IPHONEOS_DEPLOYMENT_TARGET = 13.2;
				MTL_ENABLE_DEBUG_INFO = NO;
				MTL_FAST_MATH = YES;
				SDKROOT = iphoneos;
				SWIFT_COMPILATION_MODE = wholemodule;
				SWIFT_OPTIMIZATION_LEVEL = "-O";
				VALIDATE_PRODUCT = YES;
			};
			name = Release;
		};
		AB2990AB23E3152000F960F1 /* Debug */ = {
			isa = XCBuildConfiguration;
			buildSettings = {
				ASSETCATALOG_COMPILER_APPICON_NAME = AppIcon;
				CODE_SIGN_STYLE = Automatic;
				DEVELOPMENT_ASSET_PATHS = "\"SwiftUIImagePicker/Preview Content\"";
				DEVELOPMENT_TEAM = RF5UTFUJZX;
				ENABLE_PREVIEWS = YES;
				INFOPLIST_FILE = SwiftUIImagePicker/Info.plist;
				LD_RUNPATH_SEARCH_PATHS = (
					"$(inherited)",
					"@executable_path/Frameworks",
				);
				PRODUCT_BUNDLE_IDENTIFIER = naylalabs.SwiftUIImagePicker;
				PRODUCT_NAME = "$(TARGET_NAME)";
				SWIFT_VERSION = 5.0;
				TARGETED_DEVICE_FAMILY = "1,2";
			};
			name = Debug;
		};
		AB2990AC23E3152000F960F1 /* Release */ = {
			isa = XCBuildConfiguration;
			buildSettings = {
				ASSETCATALOG_COMPILER_APPICON_NAME = AppIcon;
				CODE_SIGN_STYLE = Automatic;
				DEVELOPMENT_ASSET_PATHS = "\"SwiftUIImagePicker/Preview Content\"";
				DEVELOPMENT_TEAM = RF5UTFUJZX;
				ENABLE_PREVIEWS = YES;
				INFOPLIST_FILE = SwiftUIImagePicker/Info.plist;
				LD_RUNPATH_SEARCH_PATHS = (
					"$(inherited)",
					"@executable_path/Frameworks",
				);
				PRODUCT_BUNDLE_IDENTIFIER = naylalabs.SwiftUIImagePicker;
				PRODUCT_NAME = "$(TARGET_NAME)";
				SWIFT_VERSION = 5.0;
				TARGETED_DEVICE_FAMILY = "1,2";
			};
			name = Release;
		};
/* End XCBuildConfiguration section */

/* Begin XCConfigurationList section */
		AB29908E23E3151E00F960F1 /* Build configuration list for PBXProject "SwiftUIImagePicker" */ = {
			isa = XCConfigurationList;
			buildConfigurations = (
				AB2990A823E3152000F960F1 /* Debug */,
				AB2990A923E3152000F960F1 /* Release */,
			);
			defaultConfigurationIsVisible = 0;
			defaultConfigurationName = Release;
		};
		AB2990AA23E3152000F960F1 /* Build configuration list for PBXNativeTarget "SwiftUIImagePicker" */ = {
			isa = XCConfigurationList;
			buildConfigurations = (
				AB2990AB23E3152000F960F1 /* Debug */,
				AB2990AC23E3152000F960F1 /* Release */,
			);
			defaultConfigurationIsVisible = 0;
			defaultConfigurationName = Release;
		};
/* End XCConfigurationList section */

/* Begin XCVersionGroup section */
		AB29909A23E3151E00F960F1 /* SwiftUIImagePicker.xcdatamodeld */ = {
			isa = XCVersionGroup;
			children = (
				AB29909B23E3151E00F960F1 /* SwiftUIImagePicker.xcdatamodel */,
			);
			currentVersion = AB29909B23E3151E00F960F1 /* SwiftUIImagePicker.xcdatamodel */;
			path = SwiftUIImagePicker.xcdatamodeld;
			sourceTree = "<group>";
			versionGroupType = wrapper.xcdatamodel;
		};
/* End XCVersionGroup section */
	};
	rootObject = AB29908B23E3151E00F960F1 /* Project object */;
}
